// !$*UTF8*$!
{
	archiveVersion = 1;
	classes = {
	};
	objectVersion = 56;
	objects = {

/* Begin PBXBuildFile section */
		4F2B377A2B9471020029F9FC /* tca_essentialsApp.swift in Sources */ = {isa = PBXBuildFile; fileRef = 4F2B37792B9471020029F9FC /* tca_essentialsApp.swift */; };
		4F2B377C2B9471020029F9FC /* ContentView.swift in Sources */ = {isa = PBXBuildFile; fileRef = 4F2B377B2B9471020029F9FC /* ContentView.swift */; };
		4F2B377E2B9471040029F9FC /* Assets.xcassets in Resources */ = {isa = PBXBuildFile; fileRef = 4F2B377D2B9471040029F9FC /* Assets.xcassets */; };
		4F2B37812B9471040029F9FC /* Preview Assets.xcassets in Resources */ = {isa = PBXBuildFile; fileRef = 4F2B37802B9471040029F9FC /* Preview Assets.xcassets */; };
		4F2B378B2B9471040029F9FC /* tca_essentialsTests.swift in Sources */ = {isa = PBXBuildFile; fileRef = 4F2B378A2B9471040029F9FC /* tca_essentialsTests.swift */; };
		4F2B37952B9471040029F9FC /* tca_essentialsUITests.swift in Sources */ = {isa = PBXBuildFile; fileRef = 4F2B37942B9471040029F9FC /* tca_essentialsUITests.swift */; };
		4F2B37972B9471040029F9FC /* tca_essentialsUITestsLaunchTests.swift in Sources */ = {isa = PBXBuildFile; fileRef = 4F2B37962B9471040029F9FC /* tca_essentialsUITestsLaunchTests.swift */; };
/* End PBXBuildFile section */

/* Begin PBXContainerItemProxy section */
		4F2B37872B9471040029F9FC /* PBXContainerItemProxy */ = {
			isa = PBXContainerItemProxy;
			containerPortal = 4F2B376E2B9471020029F9FC /* Project object */;
			proxyType = 1;
			remoteGlobalIDString = 4F2B37752B9471020029F9FC;
			remoteInfo = "tca-essentials";
		};
		4F2B37912B9471040029F9FC /* PBXContainerItemProxy */ = {
			isa = PBXContainerItemProxy;
			containerPortal = 4F2B376E2B9471020029F9FC /* Project object */;
			proxyType = 1;
			remoteGlobalIDString = 4F2B37752B9471020029F9FC;
			remoteInfo = "tca-essentials";
		};
/* End PBXContainerItemProxy section */

/* Begin PBXFileReference section */
		4F2B37762B9471020029F9FC /* tca-essentials.app */ = {isa = PBXFileReference; explicitFileType = wrapper.application; includeInIndex = 0; path = "tca-essentials.app"; sourceTree = BUILT_PRODUCTS_DIR; };
		4F2B37792B9471020029F9FC /* tca_essentialsApp.swift */ = {isa = PBXFileReference; lastKnownFileType = sourcecode.swift; path = tca_essentialsApp.swift; sourceTree = "<group>"; };
		4F2B377B2B9471020029F9FC /* ContentView.swift */ = {isa = PBXFileReference; lastKnownFileType = sourcecode.swift; path = ContentView.swift; sourceTree = "<group>"; };
		4F2B377D2B9471040029F9FC /* Assets.xcassets */ = {isa = PBXFileReference; lastKnownFileType = folder.assetcatalog; path = Assets.xcassets; sourceTree = "<group>"; };
		4F2B37802B9471040029F9FC /* Preview Assets.xcassets */ = {isa = PBXFileReference; lastKnownFileType = folder.assetcatalog; path = "Preview Assets.xcassets"; sourceTree = "<group>"; };
		4F2B37862B9471040029F9FC /* tca-essentialsTests.xctest */ = {isa = PBXFileReference; explicitFileType = wrapper.cfbundle; includeInIndex = 0; path = "tca-essentialsTests.xctest"; sourceTree = BUILT_PRODUCTS_DIR; };
		4F2B378A2B9471040029F9FC /* tca_essentialsTests.swift */ = {isa = PBXFileReference; lastKnownFileType = sourcecode.swift; path = tca_essentialsTests.swift; sourceTree = "<group>"; };
		4F2B37902B9471040029F9FC /* tca-essentialsUITests.xctest */ = {isa = PBXFileReference; explicitFileType = wrapper.cfbundle; includeInIndex = 0; path = "tca-essentialsUITests.xctest"; sourceTree = BUILT_PRODUCTS_DIR; };
		4F2B37942B9471040029F9FC /* tca_essentialsUITests.swift */ = {isa = PBXFileReference; lastKnownFileType = sourcecode.swift; path = tca_essentialsUITests.swift; sourceTree = "<group>"; };
		4F2B37962B9471040029F9FC /* tca_essentialsUITestsLaunchTests.swift */ = {isa = PBXFileReference; lastKnownFileType = sourcecode.swift; path = tca_essentialsUITestsLaunchTests.swift; sourceTree = "<group>"; };
/* End PBXFileReference section */

/* Begin PBXFrameworksBuildPhase section */
		4F2B37732B9471020029F9FC /* Frameworks */ = {
			isa = PBXFrameworksBuildPhase;
			buildActionMask = 2147483647;
			files = (
			);
			runOnlyForDeploymentPostprocessing = 0;
		};
		4F2B37832B9471040029F9FC /* Frameworks */ = {
			isa = PBXFrameworksBuildPhase;
			buildActionMask = 2147483647;
			files = (
			);
			runOnlyForDeploymentPostprocessing = 0;
		};
		4F2B378D2B9471040029F9FC /* Frameworks */ = {
			isa = PBXFrameworksBuildPhase;
			buildActionMask = 2147483647;
			files = (
			);
			runOnlyForDeploymentPostprocessing = 0;
		};
/* End PBXFrameworksBuildPhase section */

/* Begin PBXGroup section */
		4F2B376D2B9471020029F9FC = {
			isa = PBXGroup;
			children = (
				4F2B37782B9471020029F9FC /* tca-essentials */,
				4F2B37892B9471040029F9FC /* tca-essentialsTests */,
				4F2B37932B9471040029F9FC /* tca-essentialsUITests */,
				4F2B37772B9471020029F9FC /* Products */,
			);
			sourceTree = "<group>";
		};
		4F2B37772B9471020029F9FC /* Products */ = {
			isa = PBXGroup;
			children = (
				4F2B37762B9471020029F9FC /* tca-essentials.app */,
				4F2B37862B9471040029F9FC /* tca-essentialsTests.xctest */,
				4F2B37902B9471040029F9FC /* tca-essentialsUITests.xctest */,
			);
			name = Products;
			sourceTree = "<group>";
		};
		4F2B37782B9471020029F9FC /* tca-essentials */ = {
			isa = PBXGroup;
			children = (
				4F2B37792B9471020029F9FC /* tca_essentialsApp.swift */,
				4F2B377B2B9471020029F9FC /* ContentView.swift */,
				4F2B377D2B9471040029F9FC /* Assets.xcassets */,
				4F2B377F2B9471040029F9FC /* Preview Content */,
			);
			path = "tca-essentials";
			sourceTree = "<group>";
		};
		4F2B377F2B9471040029F9FC /* Preview Content */ = {
			isa = PBXGroup;
			children = (
				4F2B37802B9471040029F9FC /* Preview Assets.xcassets */,
			);
			path = "Preview Content";
			sourceTree = "<group>";
		};
		4F2B37892B9471040029F9FC /* tca-essentialsTests */ = {
			isa = PBXGroup;
			children = (
				4F2B378A2B9471040029F9FC /* tca_essentialsTests.swift */,
			);
			path = "tca-essentialsTests";
			sourceTree = "<group>";
		};
		4F2B37932B9471040029F9FC /* tca-essentialsUITests */ = {
			isa = PBXGroup;
			children = (
				4F2B37942B9471040029F9FC /* tca_essentialsUITests.swift */,
				4F2B37962B9471040029F9FC /* tca_essentialsUITestsLaunchTests.swift */,
			);
			path = "tca-essentialsUITests";
			sourceTree = "<group>";
		};
/* End PBXGroup section */

/* Begin PBXNativeTarget section */
		4F2B37752B9471020029F9FC /* tca-essentials */ = {
			isa = PBXNativeTarget;
			buildConfigurationList = 4F2B379A2B9471040029F9FC /* Build configuration list for PBXNativeTarget "tca-essentials" */;
			buildPhases = (
				4F2B37722B9471020029F9FC /* Sources */,
				4F2B37732B9471020029F9FC /* Frameworks */,
				4F2B37742B9471020029F9FC /* Resources */,
			);
			buildRules = (
			);
			dependencies = (
			);
			name = "tca-essentials";
			productName = "tca-essentials";
			productReference = 4F2B37762B9471020029F9FC /* tca-essentials.app */;
			productType = "com.apple.product-type.application";
		};
		4F2B37852B9471040029F9FC /* tca-essentialsTests */ = {
			isa = PBXNativeTarget;
			buildConfigurationList = 4F2B379D2B9471040029F9FC /* Build configuration list for PBXNativeTarget "tca-essentialsTests" */;
			buildPhases = (
				4F2B37822B9471040029F9FC /* Sources */,
				4F2B37832B9471040029F9FC /* Frameworks */,
				4F2B37842B9471040029F9FC /* Resources */,
			);
			buildRules = (
			);
			dependencies = (
				4F2B37882B9471040029F9FC /* PBXTargetDependency */,
			);
			name = "tca-essentialsTests";
			productName = "tca-essentialsTests";
			productReference = 4F2B37862B9471040029F9FC /* tca-essentialsTests.xctest */;
			productType = "com.apple.product-type.bundle.unit-test";
		};
		4F2B378F2B9471040029F9FC /* tca-essentialsUITests */ = {
			isa = PBXNativeTarget;
			buildConfigurationList = 4F2B37A02B9471040029F9FC /* Build configuration list for PBXNativeTarget "tca-essentialsUITests" */;
			buildPhases = (
				4F2B378C2B9471040029F9FC /* Sources */,
				4F2B378D2B9471040029F9FC /* Frameworks */,
				4F2B378E2B9471040029F9FC /* Resources */,
			);
			buildRules = (
			);
			dependencies = (
				4F2B37922B9471040029F9FC /* PBXTargetDependency */,
			);
			name = "tca-essentialsUITests";
			productName = "tca-essentialsUITests";
			productReference = 4F2B37902B9471040029F9FC /* tca-essentialsUITests.xctest */;
			productType = "com.apple.product-type.bundle.ui-testing";
		};
/* End PBXNativeTarget section */

/* Begin PBXProject section */
		4F2B376E2B9471020029F9FC /* Project object */ = {
			isa = PBXProject;
			attributes = {
				BuildIndependentTargetsInParallel = 1;
				LastSwiftUpdateCheck = 1520;
				LastUpgradeCheck = 1520;
				TargetAttributes = {
					4F2B37752B9471020029F9FC = {
						CreatedOnToolsVersion = 15.2;
					};
					4F2B37852B9471040029F9FC = {
						CreatedOnToolsVersion = 15.2;
						TestTargetID = 4F2B37752B9471020029F9FC;
					};
					4F2B378F2B9471040029F9FC = {
						CreatedOnToolsVersion = 15.2;
						TestTargetID = 4F2B37752B9471020029F9FC;
					};
				};
			};
			buildConfigurationList = 4F2B37712B9471020029F9FC /* Build configuration list for PBXProject "tca-essentials" */;
			compatibilityVersion = "Xcode 14.0";
			developmentRegion = en;
			hasScannedForEncodings = 0;
			knownRegions = (
				en,
				Base,
			);
			mainGroup = 4F2B376D2B9471020029F9FC;
			productRefGroup = 4F2B37772B9471020029F9FC /* Products */;
			projectDirPath = "";
			projectRoot = "";
			targets = (
				4F2B37752B9471020029F9FC /* tca-essentials */,
				4F2B37852B9471040029F9FC /* tca-essentialsTests */,
				4F2B378F2B9471040029F9FC /* tca-essentialsUITests */,
			);
		};
/* End PBXProject section */

/* Begin PBXResourcesBuildPhase section */
		4F2B37742B9471020029F9FC /* Resources */ = {
			isa = PBXResourcesBuildPhase;
			buildActionMask = 2147483647;
			files = (
				4F2B37812B9471040029F9FC /* Preview Assets.xcassets in Resources */,
				4F2B377E2B9471040029F9FC /* Assets.xcassets in Resources */,
			);
			runOnlyForDeploymentPostprocessing = 0;
		};
		4F2B37842B9471040029F9FC /* Resources */ = {
			isa = PBXResourcesBuildPhase;
			buildActionMask = 2147483647;
			files = (
			);
			runOnlyForDeploymentPostprocessing = 0;
		};
		4F2B378E2B9471040029F9FC /* Resources */ = {
			isa = PBXResourcesBuildPhase;
			buildActionMask = 2147483647;
			files = (
			);
			runOnlyForDeploymentPostprocessing = 0;
		};
/* End PBXResourcesBuildPhase section */

/* Begin PBXSourcesBuildPhase section */
		4F2B37722B9471020029F9FC /* Sources */ = {
			isa = PBXSourcesBuildPhase;
			buildActionMask = 2147483647;
			files = (
				4F2B377C2B9471020029F9FC /* ContentView.swift in Sources */,
				4F2B377A2B9471020029F9FC /* tca_essentialsApp.swift in Sources */,
			);
			runOnlyForDeploymentPostprocessing = 0;
		};
		4F2B37822B9471040029F9FC /* Sources */ = {
			isa = PBXSourcesBuildPhase;
			buildActionMask = 2147483647;
			files = (
				4F2B378B2B9471040029F9FC /* tca_essentialsTests.swift in Sources */,
			);
			runOnlyForDeploymentPostprocessing = 0;
		};
		4F2B378C2B9471040029F9FC /* Sources */ = {
			isa = PBXSourcesBuildPhase;
			buildActionMask = 2147483647;
			files = (
				4F2B37972B9471040029F9FC /* tca_essentialsUITestsLaunchTests.swift in Sources */,
				4F2B37952B9471040029F9FC /* tca_essentialsUITests.swift in Sources */,
			);
			runOnlyForDeploymentPostprocessing = 0;
		};
/* End PBXSourcesBuildPhase section */

/* Begin PBXTargetDependency section */
		4F2B37882B9471040029F9FC /* PBXTargetDependency */ = {
			isa = PBXTargetDependency;
			target = 4F2B37752B9471020029F9FC /* tca-essentials */;
			targetProxy = 4F2B37872B9471040029F9FC /* PBXContainerItemProxy */;
		};
		4F2B37922B9471040029F9FC /* PBXTargetDependency */ = {
			isa = PBXTargetDependency;
			target = 4F2B37752B9471020029F9FC /* tca-essentials */;
			targetProxy = 4F2B37912B9471040029F9FC /* PBXContainerItemProxy */;
		};
/* End PBXTargetDependency section */

/* Begin XCBuildConfiguration section */
		4F2B37982B9471040029F9FC /* Debug */ = {
			isa = XCBuildConfiguration;
			buildSettings = {
				ALWAYS_SEARCH_USER_PATHS = NO;
				ASSETCATALOG_COMPILER_GENERATE_SWIFT_ASSET_SYMBOL_EXTENSIONS = YES;
				CLANG_ANALYZER_NONNULL = YES;
				CLANG_ANALYZER_NUMBER_OBJECT_CONVERSION = YES_AGGRESSIVE;
				CLANG_CXX_LANGUAGE_STANDARD = "gnu++20";
				CLANG_ENABLE_MODULES = YES;
				CLANG_ENABLE_OBJC_ARC = YES;
				CLANG_ENABLE_OBJC_WEAK = YES;
				CLANG_WARN_BLOCK_CAPTURE_AUTORELEASING = YES;
				CLANG_WARN_BOOL_CONVERSION = YES;
				CLANG_WARN_COMMA = YES;
				CLANG_WARN_CONSTANT_CONVERSION = YES;
				CLANG_WARN_DEPRECATED_OBJC_IMPLEMENTATIONS = YES;
				CLANG_WARN_DIRECT_OBJC_ISA_USAGE = YES_ERROR;
				CLANG_WARN_DOCUMENTATION_COMMENTS = YES;
				CLANG_WARN_EMPTY_BODY = YES;
				CLANG_WARN_ENUM_CONVERSION = YES;
				CLANG_WARN_INFINITE_RECURSION = YES;
				CLANG_WARN_INT_CONVERSION = YES;
				CLANG_WARN_NON_LITERAL_NULL_CONVERSION = YES;
				CLANG_WARN_OBJC_IMPLICIT_RETAIN_SELF = YES;
				CLANG_WARN_OBJC_LITERAL_CONVERSION = YES;
				CLANG_WARN_OBJC_ROOT_CLASS = YES_ERROR;
				CLANG_WARN_QUOTED_INCLUDE_IN_FRAMEWORK_HEADER = YES;
				CLANG_WARN_RANGE_LOOP_ANALYSIS = YES;
				CLANG_WARN_STRICT_PROTOTYPES = YES;
				CLANG_WARN_SUSPICIOUS_MOVE = YES;
				CLANG_WARN_UNGUARDED_AVAILABILITY = YES_AGGRESSIVE;
				CLANG_WARN_UNREACHABLE_CODE = YES;
				CLANG_WARN__DUPLICATE_METHOD_MATCH = YES;
				COPY_PHASE_STRIP = NO;
				DEBUG_INFORMATION_FORMAT = dwarf;
				ENABLE_STRICT_OBJC_MSGSEND = YES;
				ENABLE_TESTABILITY = YES;
				ENABLE_USER_SCRIPT_SANDBOXING = YES;
				GCC_C_LANGUAGE_STANDARD = gnu17;
				GCC_DYNAMIC_NO_PIC = NO;
				GCC_NO_COMMON_BLOCKS = YES;
				GCC_OPTIMIZATION_LEVEL = 0;
				GCC_PREPROCESSOR_DEFINITIONS = (
					"DEBUG=1",
					"$(inherited)",
				);
				GCC_WARN_64_TO_32_BIT_CONVERSION = YES;
				GCC_WARN_ABOUT_RETURN_TYPE = YES_ERROR;
				GCC_WARN_UNDECLARED_SELECTOR = YES;
				GCC_WARN_UNINITIALIZED_AUTOS = YES_AGGRESSIVE;
				GCC_WARN_UNUSED_FUNCTION = YES;
				GCC_WARN_UNUSED_VARIABLE = YES;
				IPHONEOS_DEPLOYMENT_TARGET = 17.2;
				LOCALIZATION_PREFERS_STRING_CATALOGS = YES;
				MTL_ENABLE_DEBUG_INFO = INCLUDE_SOURCE;
				MTL_FAST_MATH = YES;
				ONLY_ACTIVE_ARCH = YES;
				SDKROOT = iphoneos;
				SWIFT_ACTIVE_COMPILATION_CONDITIONS = "DEBUG $(inherited)";
				SWIFT_OPTIMIZATION_LEVEL = "-Onone";
			};
			name = Debug;
		};
		4F2B37992B9471040029F9FC /* Release */ = {
			isa = XCBuildConfiguration;
			buildSettings = {
				ALWAYS_SEARCH_USER_PATHS = NO;
				ASSETCATALOG_COMPILER_GENERATE_SWIFT_ASSET_SYMBOL_EXTENSIONS = YES;
				CLANG_ANALYZER_NONNULL = YES;
				CLANG_ANALYZER_NUMBER_OBJECT_CONVERSION = YES_AGGRESSIVE;
				CLANG_CXX_LANGUAGE_STANDARD = "gnu++20";
				CLANG_ENABLE_MODULES = YES;
				CLANG_ENABLE_OBJC_ARC = YES;
				CLANG_ENABLE_OBJC_WEAK = YES;
				CLANG_WARN_BLOCK_CAPTURE_AUTORELEASING = YES;
				CLANG_WARN_BOOL_CONVERSION = YES;
				CLANG_WARN_COMMA = YES;
				CLANG_WARN_CONSTANT_CONVERSION = YES;
				CLANG_WARN_DEPRECATED_OBJC_IMPLEMENTATIONS = YES;
				CLANG_WARN_DIRECT_OBJC_ISA_USAGE = YES_ERROR;
				CLANG_WARN_DOCUMENTATION_COMMENTS = YES;
				CLANG_WARN_EMPTY_BODY = YES;
				CLANG_WARN_ENUM_CONVERSION = YES;
				CLANG_WARN_INFINITE_RECURSION = YES;
				CLANG_WARN_INT_CONVERSION = YES;
				CLANG_WARN_NON_LITERAL_NULL_CONVERSION = YES;
				CLANG_WARN_OBJC_IMPLICIT_RETAIN_SELF = YES;
				CLANG_WARN_OBJC_LITERAL_CONVERSION = YES;
				CLANG_WARN_OBJC_ROOT_CLASS = YES_ERROR;
				CLANG_WARN_QUOTED_INCLUDE_IN_FRAMEWORK_HEADER = YES;
				CLANG_WARN_RANGE_LOOP_ANALYSIS = YES;
				CLANG_WARN_STRICT_PROTOTYPES = YES;
				CLANG_WARN_SUSPICIOUS_MOVE = YES;
				CLANG_WARN_UNGUARDED_AVAILABILITY = YES_AGGRESSIVE;
				CLANG_WARN_UNREACHABLE_CODE = YES;
				CLANG_WARN__DUPLICATE_METHOD_MATCH = YES;
				COPY_PHASE_STRIP = NO;
				DEBUG_INFORMATION_FORMAT = "dwarf-with-dsym";
				ENABLE_NS_ASSERTIONS = NO;
				ENABLE_STRICT_OBJC_MSGSEND = YES;
				ENABLE_USER_SCRIPT_SANDBOXING = YES;
				GCC_C_LANGUAGE_STANDARD = gnu17;
				GCC_NO_COMMON_BLOCKS = YES;
				GCC_WARN_64_TO_32_BIT_CONVERSION = YES;
				GCC_WARN_ABOUT_RETURN_TYPE = YES_ERROR;
				GCC_WARN_UNDECLARED_SELECTOR = YES;
				GCC_WARN_UNINITIALIZED_AUTOS = YES_AGGRESSIVE;
				GCC_WARN_UNUSED_FUNCTION = YES;
				GCC_WARN_UNUSED_VARIABLE = YES;
				IPHONEOS_DEPLOYMENT_TARGET = 17.2;
				LOCALIZATION_PREFERS_STRING_CATALOGS = YES;
				MTL_ENABLE_DEBUG_INFO = NO;
				MTL_FAST_MATH = YES;
				SDKROOT = iphoneos;
				SWIFT_COMPILATION_MODE = wholemodule;
				VALIDATE_PRODUCT = YES;
			};
			name = Release;
		};
		4F2B379B2B9471040029F9FC /* Debug */ = {
			isa = XCBuildConfiguration;
			buildSettings = {
				ASSETCATALOG_COMPILER_APPICON_NAME = AppIcon;
				ASSETCATALOG_COMPILER_GLOBAL_ACCENT_COLOR_NAME = AccentColor;
				CODE_SIGN_STYLE = Automatic;
				CURRENT_PROJECT_VERSION = 1;
				DEVELOPMENT_ASSET_PATHS = "\"tca-essentials/Preview Content\"";
				DEVELOPMENT_TEAM = F7R89D79NP;
				ENABLE_PREVIEWS = YES;
				GENERATE_INFOPLIST_FILE = YES;
				INFOPLIST_KEY_UIApplicationSceneManifest_Generation = YES;
				INFOPLIST_KEY_UIApplicationSupportsIndirectInputEvents = YES;
				INFOPLIST_KEY_UILaunchScreen_Generation = YES;
				INFOPLIST_KEY_UISupportedInterfaceOrientations_iPad = "UIInterfaceOrientationPortrait UIInterfaceOrientationPortraitUpsideDown UIInterfaceOrientationLandscapeLeft UIInterfaceOrientationLandscapeRight";
				INFOPLIST_KEY_UISupportedInterfaceOrientations_iPhone = "UIInterfaceOrientationPortrait UIInterfaceOrientationLandscapeLeft UIInterfaceOrientationLandscapeRight";
				LD_RUNPATH_SEARCH_PATHS = (
					"$(inherited)",
					"@executable_path/Frameworks",
				);
				MARKETING_VERSION = 1.0;
				PRODUCT_BUNDLE_IDENTIFIER = "atereshkov.tca-essentials";
				PRODUCT_NAME = "$(TARGET_NAME)";
				SWIFT_EMIT_LOC_STRINGS = YES;
				SWIFT_VERSION = 5.0;
				TARGETED_DEVICE_FAMILY = "1,2";
			};
			name = Debug;
		};
		4F2B379C2B9471040029F9FC /* Release */ = {
			isa = XCBuildConfiguration;
			buildSettings = {
				ASSETCATALOG_COMPILER_APPICON_NAME = AppIcon;
				ASSETCATALOG_COMPILER_GLOBAL_ACCENT_COLOR_NAME = AccentColor;
				CODE_SIGN_STYLE = Automatic;
				CURRENT_PROJECT_VERSION = 1;
				DEVELOPMENT_ASSET_PATHS = "\"tca-essentials/Preview Content\"";
				DEVELOPMENT_TEAM = F7R89D79NP;
				ENABLE_PREVIEWS = YES;
				GENERATE_INFOPLIST_FILE = YES;
				INFOPLIST_KEY_UIApplicationSceneManifest_Generation = YES;
				INFOPLIST_KEY_UIApplicationSupportsIndirectInputEvents = YES;
				INFOPLIST_KEY_UILaunchScreen_Generation = YES;
				INFOPLIST_KEY_UISupportedInterfaceOrientations_iPad = "UIInterfaceOrientationPortrait UIInterfaceOrientationPortraitUpsideDown UIInterfaceOrientationLandscapeLeft UIInterfaceOrientationLandscapeRight";
				INFOPLIST_KEY_UISupportedInterfaceOrientations_iPhone = "UIInterfaceOrientationPortrait UIInterfaceOrientationLandscapeLeft UIInterfaceOrientationLandscapeRight";
				LD_RUNPATH_SEARCH_PATHS = (
					"$(inherited)",
					"@executable_path/Frameworks",
				);
				MARKETING_VERSION = 1.0;
				PRODUCT_BUNDLE_IDENTIFIER = "atereshkov.tca-essentials";
				PRODUCT_NAME = "$(TARGET_NAME)";
				SWIFT_EMIT_LOC_STRINGS = YES;
				SWIFT_VERSION = 5.0;
				TARGETED_DEVICE_FAMILY = "1,2";
			};
			name = Release;
		};
		4F2B379E2B9471040029F9FC /* Debug */ = {
			isa = XCBuildConfiguration;
			buildSettings = {
				ALWAYS_EMBED_SWIFT_STANDARD_LIBRARIES = YES;
				BUNDLE_LOADER = "$(TEST_HOST)";
				CODE_SIGN_STYLE = Automatic;
				CURRENT_PROJECT_VERSION = 1;
				DEVELOPMENT_TEAM = F7R89D79NP;
				GENERATE_INFOPLIST_FILE = YES;
				IPHONEOS_DEPLOYMENT_TARGET = 17.2;
				MARKETING_VERSION = 1.0;
				PRODUCT_BUNDLE_IDENTIFIER = "atereshkov.tca-essentialsTests";
				PRODUCT_NAME = "$(TARGET_NAME)";
				SWIFT_EMIT_LOC_STRINGS = NO;
				SWIFT_VERSION = 5.0;
				TARGETED_DEVICE_FAMILY = "1,2";
				TEST_HOST = "$(BUILT_PRODUCTS_DIR)/tca-essentials.app/$(BUNDLE_EXECUTABLE_FOLDER_PATH)/tca-essentials";
			};
			name = Debug;
		};
		4F2B379F2B9471040029F9FC /* Release */ = {
			isa = XCBuildConfiguration;
			buildSettings = {
				ALWAYS_EMBED_SWIFT_STANDARD_LIBRARIES = YES;
				BUNDLE_LOADER = "$(TEST_HOST)";
				CODE_SIGN_STYLE = Automatic;
				CURRENT_PROJECT_VERSION = 1;
				DEVELOPMENT_TEAM = F7R89D79NP;
				GENERATE_INFOPLIST_FILE = YES;
				IPHONEOS_DEPLOYMENT_TARGET = 17.2;
				MARKETING_VERSION = 1.0;
				PRODUCT_BUNDLE_IDENTIFIER = "atereshkov.tca-essentialsTests";
				PRODUCT_NAME = "$(TARGET_NAME)";
				SWIFT_EMIT_LOC_STRINGS = NO;
				SWIFT_VERSION = 5.0;
				TARGETED_DEVICE_FAMILY = "1,2";
				TEST_HOST = "$(BUILT_PRODUCTS_DIR)/tca-essentials.app/$(BUNDLE_EXECUTABLE_FOLDER_PATH)/tca-essentials";
			};
			name = Release;
		};
		4F2B37A12B9471040029F9FC /* Debug */ = {
			isa = XCBuildConfiguration;
			buildSettings = {
				ALWAYS_EMBED_SWIFT_STANDARD_LIBRARIES = YES;
				CODE_SIGN_STYLE = Automatic;
				CURRENT_PROJECT_VERSION = 1;
				DEVELOPMENT_TEAM = F7R89D79NP;
				GENERATE_INFOPLIST_FILE = YES;
				MARKETING_VERSION = 1.0;
				PRODUCT_BUNDLE_IDENTIFIER = "atereshkov.tca-essentialsUITests";
				PRODUCT_NAME = "$(TARGET_NAME)";
				SWIFT_EMIT_LOC_STRINGS = NO;
				SWIFT_VERSION = 5.0;
				TARGETED_DEVICE_FAMILY = "1,2";
				TEST_TARGET_NAME = "tca-essentials";
			};
			name = Debug;
		};
		4F2B37A22B9471040029F9FC /* Release */ = {
			isa = XCBuildConfiguration;
			buildSettings = {
				ALWAYS_EMBED_SWIFT_STANDARD_LIBRARIES = YES;
				CODE_SIGN_STYLE = Automatic;
				CURRENT_PROJECT_VERSION = 1;
				DEVELOPMENT_TEAM = F7R89D79NP;
				GENERATE_INFOPLIST_FILE = YES;
				MARKETING_VERSION = 1.0;
				PRODUCT_BUNDLE_IDENTIFIER = "atereshkov.tca-essentialsUITests";
				PRODUCT_NAME = "$(TARGET_NAME)";
				SWIFT_EMIT_LOC_STRINGS = NO;
				SWIFT_VERSION = 5.0;
				TARGETED_DEVICE_FAMILY = "1,2";
				TEST_TARGET_NAME = "tca-essentials";
			};
			name = Release;
		};
/* End XCBuildConfiguration section */

/* Begin XCConfigurationList section */
		4F2B37712B9471020029F9FC /* Build configuration list for PBXProject "tca-essentials" */ = {
			isa = XCConfigurationList;
			buildConfigurations = (
				4F2B37982B9471040029F9FC /* Debug */,
				4F2B37992B9471040029F9FC /* Release */,
			);
			defaultConfigurationIsVisible = 0;
			defaultConfigurationName = Release;
		};
		4F2B379A2B9471040029F9FC /* Build configuration list for PBXNativeTarget "tca-essentials" */ = {
			isa = XCConfigurationList;
			buildConfigurations = (
				4F2B379B2B9471040029F9FC /* Debug */,
				4F2B379C2B9471040029F9FC /* Release */,
			);
			defaultConfigurationIsVisible = 0;
			defaultConfigurationName = Release;
		};
		4F2B379D2B9471040029F9FC /* Build configuration list for PBXNativeTarget "tca-essentialsTests" */ = {
			isa = XCConfigurationList;
			buildConfigurations = (
				4F2B379E2B9471040029F9FC /* Debug */,
				4F2B379F2B9471040029F9FC /* Release */,
			);
			defaultConfigurationIsVisible = 0;
			defaultConfigurationName = Release;
		};
		4F2B37A02B9471040029F9FC /* Build configuration list for PBXNativeTarget "tca-essentialsUITests" */ = {
			isa = XCConfigurationList;
			buildConfigurations = (
				4F2B37A12B9471040029F9FC /* Debug */,
				4F2B37A22B9471040029F9FC /* Release */,
			);
			defaultConfigurationIsVisible = 0;
			defaultConfigurationName = Release;
		};
/* End XCConfigurationList section */
	};
	rootObject = 4F2B376E2B9471020029F9FC /* Project object */;
}
